// !$*UTF8*$!
{
	archiveVersion = 1;
	classes = {
	};
	objectVersion = 50;
	objects = {

/* Begin PBXBuildFile section */
		D1BFA699208B050900E6D0AC /* AppDelegate.swift in Sources */ = {isa = PBXBuildFile; fileRef = D1BFA698208B050900E6D0AC /* AppDelegate.swift */; };
		D1BFA69B208B050900E6D0AC /* ViewController.swift in Sources */ = {isa = PBXBuildFile; fileRef = D1BFA69A208B050900E6D0AC /* ViewController.swift */; };
		D1BFA69D208B050900E6D0AC /* Assets.xcassets in Resources */ = {isa = PBXBuildFile; fileRef = D1BFA69C208B050900E6D0AC /* Assets.xcassets */; };
		D1BFA6A0208B050900E6D0AC /* Main.storyboard in Resources */ = {isa = PBXBuildFile; fileRef = D1BFA69E208B050900E6D0AC /* Main.storyboard */; };
		D1BFA6A9208B09A900E6D0AC /* MainViewController.swift in Sources */ = {isa = PBXBuildFile; fileRef = D1BFA6A8208B09A900E6D0AC /* MainViewController.swift */; };
		D1BFA6AD208B0F7E00E6D0AC /* EventMonitor.swift in Sources */ = {isa = PBXBuildFile; fileRef = D1BFA6AC208B0F7E00E6D0AC /* EventMonitor.swift */; };
/* End PBXBuildFile section */

/* Begin PBXFileReference section */
		D1BFA695208B050900E6D0AC /* Jay.app */ = {isa = PBXFileReference; explicitFileType = wrapper.application; includeInIndex = 0; path = Jay.app; sourceTree = BUILT_PRODUCTS_DIR; };
		D1BFA698208B050900E6D0AC /* AppDelegate.swift */ = {isa = PBXFileReference; lastKnownFileType = sourcecode.swift; path = AppDelegate.swift; sourceTree = "<group>"; };
		D1BFA69A208B050900E6D0AC /* ViewController.swift */ = {isa = PBXFileReference; lastKnownFileType = sourcecode.swift; path = ViewController.swift; sourceTree = "<group>"; };
		D1BFA69C208B050900E6D0AC /* Assets.xcassets */ = {isa = PBXFileReference; lastKnownFileType = folder.assetcatalog; path = Assets.xcassets; sourceTree = "<group>"; };
		D1BFA69F208B050900E6D0AC /* Base */ = {isa = PBXFileReference; lastKnownFileType = file.storyboard; name = Base; path = Base.lproj/Main.storyboard; sourceTree = "<group>"; };
		D1BFA6A1208B050900E6D0AC /* Info.plist */ = {isa = PBXFileReference; lastKnownFileType = text.plist.xml; path = Info.plist; sourceTree = "<group>"; };
		D1BFA6A2208B050900E6D0AC /* Jay.entitlements */ = {isa = PBXFileReference; lastKnownFileType = text.plist.entitlements; path = Jay.entitlements; sourceTree = "<group>"; };
		D1BFA6A8208B09A900E6D0AC /* MainViewController.swift */ = {isa = PBXFileReference; lastKnownFileType = sourcecode.swift; path = MainViewController.swift; sourceTree = "<group>"; };
		D1BFA6AC208B0F7E00E6D0AC /* EventMonitor.swift */ = {isa = PBXFileReference; lastKnownFileType = sourcecode.swift; path = EventMonitor.swift; sourceTree = "<group>"; };
/* End PBXFileReference section */

/* Begin PBXFrameworksBuildPhase section */
		D1BFA692208B050900E6D0AC /* Frameworks */ = {
			isa = PBXFrameworksBuildPhase;
			buildActionMask = 2147483647;
			files = (
			);
			runOnlyForDeploymentPostprocessing = 0;
		};
/* End PBXFrameworksBuildPhase section */

/* Begin PBXGroup section */
		D1BFA68C208B050900E6D0AC = {
			isa = PBXGroup;
			children = (
				D1BFA697208B050900E6D0AC /* Jay */,
				D1BFA696208B050900E6D0AC /* Products */,
			);
			sourceTree = "<group>";
		};
		D1BFA696208B050900E6D0AC /* Products */ = {
			isa = PBXGroup;
			children = (
				D1BFA695208B050900E6D0AC /* Jay.app */,
			);
			name = Products;
			sourceTree = "<group>";
		};
		D1BFA697208B050900E6D0AC /* Jay */ = {
			isa = PBXGroup;
			children = (
				D1BFA698208B050900E6D0AC /* AppDelegate.swift */,
				D1BFA6A8208B09A900E6D0AC /* MainViewController.swift */,
				D1BFA69A208B050900E6D0AC /* ViewController.swift */,
				D1BFA69C208B050900E6D0AC /* Assets.xcassets */,
				D1BFA69E208B050900E6D0AC /* Main.storyboard */,
				D1BFA6AC208B0F7E00E6D0AC /* EventMonitor.swift */,
				D1BFA6A1208B050900E6D0AC /* Info.plist */,
				D1BFA6A2208B050900E6D0AC /* Jay.entitlements */,
			);
			path = Jay;
			sourceTree = "<group>";
		};
/* End PBXGroup section */

/* Begin PBXNativeTarget section */
		D1BFA694208B050900E6D0AC /* Jay */ = {
			isa = PBXNativeTarget;
			buildConfigurationList = D1BFA6A5208B050A00E6D0AC /* Build configuration list for PBXNativeTarget "Jay" */;
			buildPhases = (
				D1BFA691208B050900E6D0AC /* Sources */,
				D1BFA692208B050900E6D0AC /* Frameworks */,
				D1BFA693208B050900E6D0AC /* Resources */,
			);
			buildRules = (
			);
			dependencies = (
			);
			name = Jay;
			productName = Jay;
			productReference = D1BFA695208B050900E6D0AC /* Jay.app */;
			productType = "com.apple.product-type.application";
		};
/* End PBXNativeTarget section */

/* Begin PBXProject section */
		D1BFA68D208B050900E6D0AC /* Project object */ = {
			isa = PBXProject;
			attributes = {
				LastSwiftUpdateCheck = 0930;
				LastUpgradeCheck = 0930;
				ORGANIZATIONNAME = jayyupinhu;
				TargetAttributes = {
					D1BFA694208B050900E6D0AC = {
						CreatedOnToolsVersion = 9.3;
					};
				};
			};
			buildConfigurationList = D1BFA690208B050900E6D0AC /* Build configuration list for PBXProject "Jay" */;
			compatibilityVersion = "Xcode 9.3";
			developmentRegion = en;
			hasScannedForEncodings = 0;
			knownRegions = (
				en,
				Base,
			);
			mainGroup = D1BFA68C208B050900E6D0AC;
			productRefGroup = D1BFA696208B050900E6D0AC /* Products */;
			projectDirPath = "";
			projectRoot = "";
			targets = (
				D1BFA694208B050900E6D0AC /* Jay */,
			);
		};
/* End PBXProject section */

/* Begin PBXResourcesBuildPhase section */
		D1BFA693208B050900E6D0AC /* Resources */ = {
			isa = PBXResourcesBuildPhase;
			buildActionMask = 2147483647;
			files = (
				D1BFA69D208B050900E6D0AC /* Assets.xcassets in Resources */,
				D1BFA6A0208B050900E6D0AC /* Main.storyboard in Resources */,
			);
			runOnlyForDeploymentPostprocessing = 0;
		};
/* End PBXResourcesBuildPhase section */

/* Begin PBXSourcesBuildPhase section */
		D1BFA691208B050900E6D0AC /* Sources */ = {
			isa = PBXSourcesBuildPhase;
			buildActionMask = 2147483647;
			files = (
				D1BFA6AD208B0F7E00E6D0AC /* EventMonitor.swift in Sources */,
				D1BFA69B208B050900E6D0AC /* ViewController.swift in Sources */,
				D1BFA6A9208B09A900E6D0AC /* MainViewController.swift in Sources */,
				D1BFA699208B050900E6D0AC /* AppDelegate.swift in Sources */,
			);
			runOnlyForDeploymentPostprocessing = 0;
		};
/* End PBXSourcesBuildPhase section */

/* Begin PBXVariantGroup section */
		D1BFA69E208B050900E6D0AC /* Main.storyboard */ = {
			isa = PBXVariantGroup;
			children = (
				D1BFA69F208B050900E6D0AC /* Base */,
			);
			name = Main.storyboard;
			sourceTree = "<group>";
		};
/* End PBXVariantGroup section */

/* Begin XCBuildConfiguration section */
		D1BFA6A3208B050900E6D0AC /* Debug */ = {
			isa = XCBuildConfiguration;
			buildSettings = {
				ALWAYS_SEARCH_USER_PATHS = NO;
				CLANG_ANALYZER_NONNULL = YES;
				CLANG_ANALYZER_NUMBER_OBJECT_CONVERSION = YES_AGGRESSIVE;
				CLANG_CXX_LANGUAGE_STANDARD = "gnu++14";
				CLANG_CXX_LIBRARY = "libc++";
				CLANG_ENABLE_MODULES = YES;
				CLANG_ENABLE_OBJC_ARC = YES;
				CLANG_ENABLE_OBJC_WEAK = YES;
				CLANG_WARN_BLOCK_CAPTURE_AUTORELEASING = YES;
				CLANG_WARN_BOOL_CONVERSION = YES;
				CLANG_WARN_COMMA = YES;
				CLANG_WARN_CONSTANT_CONVERSION = YES;
				CLANG_WARN_DEPRECATED_OBJC_IMPLEMENTATIONS = YES;
				CLANG_WARN_DIRECT_OBJC_ISA_USAGE = YES_ERROR;
				CLANG_WARN_DOCUMENTATION_COMMENTS = YES;
				CLANG_WARN_EMPTY_BODY = YES;
				CLANG_WARN_ENUM_CONVERSION = YES;
				CLANG_WARN_INFINITE_RECURSION = YES;
				CLANG_WARN_INT_CONVERSION = YES;
				CLANG_WARN_NON_LITERAL_NULL_CONVERSION = YES;
				CLANG_WARN_OBJC_IMPLICIT_RETAIN_SELF = YES;
				CLANG_WARN_OBJC_LITERAL_CONVERSION = YES;
				CLANG_WARN_OBJC_ROOT_CLASS = YES_ERROR;
				CLANG_WARN_RANGE_LOOP_ANALYSIS = YES;
				CLANG_WARN_STRICT_PROTOTYPES = YES;
				CLANG_WARN_SUSPICIOUS_MOVE = YES;
				CLANG_WARN_UNGUARDED_AVAILABILITY = YES_AGGRESSIVE;
				CLANG_WARN_UNREACHABLE_CODE = YES;
				CLANG_WARN__DUPLICATE_METHOD_MATCH = YES;
				CODE_SIGN_IDENTITY = "Mac Developer";
				COPY_PHASE_STRIP = NO;
				DEBUG_INFORMATION_FORMAT = dwarf;
				ENABLE_STRICT_OBJC_MSGSEND = YES;
				ENABLE_TESTABILITY = YES;
				GCC_C_LANGUAGE_STANDARD = gnu11;
				GCC_DYNAMIC_NO_PIC = NO;
				GCC_NO_COMMON_BLOCKS = YES;
				GCC_OPTIMIZATION_LEVEL = 0;
				GCC_PREPROCESSOR_DEFINITIONS = (
					"DEBUG=1",
					"$(inherited)",
				);
				GCC_WARN_64_TO_32_BIT_CONVERSION = YES;
				GCC_WARN_ABOUT_RETURN_TYPE = YES_ERROR;
				GCC_WARN_UNDECLARED_SELECTOR = YES;
				GCC_WARN_UNINITIALIZED_AUTOS = YES_AGGRESSIVE;
				GCC_WARN_UNUSED_FUNCTION = YES;
				GCC_WARN_UNUSED_VARIABLE = YES;
				MACOSX_DEPLOYMENT_TARGET = 10.13;
				MTL_ENABLE_DEBUG_INFO = YES;
				ONLY_ACTIVE_ARCH = YES;
				SDKROOT = macosx;
				SWIFT_ACTIVE_COMPILATION_CONDITIONS = DEBUG;
				SWIFT_OPTIMIZATION_LEVEL = "-Onone";
			};
			name = Debug;
		};
		D1BFA6A4208B050A00E6D0AC /* Release */ = {
			isa = XCBuildConfiguration;
			buildSettings = {
				ALWAYS_SEARCH_USER_PATHS = NO;
				CLANG_ANALYZER_NONNULL = YES;
				CLANG_ANALYZER_NUMBER_OBJECT_CONVERSION = YES_AGGRESSIVE;
				CLANG_CXX_LANGUAGE_STANDARD = "gnu++14";
				CLANG_CXX_LIBRARY = "libc++";
				CLANG_ENABLE_MODULES = YES;
				CLANG_ENABLE_OBJC_ARC = YES;
				CLANG_ENABLE_OBJC_WEAK = YES;
				CLANG_WARN_BLOCK_CAPTURE_AUTORELEASING = YES;
				CLANG_WARN_BOOL_CONVERSION = YES;
				CLANG_WARN_COMMA = YES;
				CLANG_WARN_CONSTANT_CONVERSION = YES;
				CLANG_WARN_DEPRECATED_OBJC_IMPLEMENTATIONS = YES;
				CLANG_WARN_DIRECT_OBJC_ISA_USAGE = YES_ERROR;
				CLANG_WARN_DOCUMENTATION_COMMENTS = YES;
				CLANG_WARN_EMPTY_BODY = YES;
				CLANG_WARN_ENUM_CONVERSION = YES;
				CLANG_WARN_INFINITE_RECURSION = YES;
				CLANG_WARN_INT_CONVERSION = YES;
				CLANG_WARN_NON_LITERAL_NULL_CONVERSION = YES;
				CLANG_WARN_OBJC_IMPLICIT_RETAIN_SELF = YES;
				CLANG_WARN_OBJC_LITERAL_CONVERSION = YES;
				CLANG_WARN_OBJC_ROOT_CLASS = YES_ERROR;
				CLANG_WARN_RANGE_LOOP_ANALYSIS = YES;
				CLANG_WARN_STRICT_PROTOTYPES = YES;
				CLANG_WARN_SUSPICIOUS_MOVE = YES;
				CLANG_WARN_UNGUARDED_AVAILABILITY = YES_AGGRESSIVE;
				CLANG_WARN_UNREACHABLE_CODE = YES;
				CLANG_WARN__DUPLICATE_METHOD_MATCH = YES;
				CODE_SIGN_IDENTITY = "Mac Developer";
				COPY_PHASE_STRIP = NO;
				DEBUG_INFORMATION_FORMAT = "dwarf-with-dsym";
				ENABLE_NS_ASSERTIONS = NO;
				ENABLE_STRICT_OBJC_MSGSEND = YES;
				GCC_C_LANGUAGE_STANDARD = gnu11;
				GCC_NO_COMMON_BLOCKS = YES;
				GCC_WARN_64_TO_32_BIT_CONVERSION = YES;
				GCC_WARN_ABOUT_RETURN_TYPE = YES_ERROR;
				GCC_WARN_UNDECLARED_SELECTOR = YES;
				GCC_WARN_UNINITIALIZED_AUTOS = YES_AGGRESSIVE;
				GCC_WARN_UNUSED_FUNCTION = YES;
				GCC_WARN_UNUSED_VARIABLE = YES;
				MACOSX_DEPLOYMENT_TARGET = 10.13;
				MTL_ENABLE_DEBUG_INFO = NO;
				SDKROOT = macosx;
				SWIFT_COMPILATION_MODE = wholemodule;
				SWIFT_OPTIMIZATION_LEVEL = "-O";
			};
			name = Release;
		};
		D1BFA6A6208B050A00E6D0AC /* Debug */ = {
			isa = XCBuildConfiguration;
			buildSettings = {
				ASSETCATALOG_COMPILER_APPICON_NAME = AppIcon;
				CODE_SIGN_ENTITLEMENTS = Jay/Jay.entitlements;
				CODE_SIGN_STYLE = Automatic;
				COMBINE_HIDPI_IMAGES = YES;
				DEVELOPMENT_TEAM = C7L7KU246T;
				INFOPLIST_FILE = Jay/Info.plist;
				LD_RUNPATH_SEARCH_PATHS = (
					"$(inherited)",
					"@executable_path/../Frameworks",
				);
				PRODUCT_BUNDLE_IDENTIFIER = com.jayyupinhu.Jay;
				PRODUCT_NAME = "$(TARGET_NAME)";
				SWIFT_VERSION = 4.0;
			};
			name = Debug;
		};
		D1BFA6A7208B050A00E6D0AC /* Release */ = {
			isa = XCBuildConfiguration;
			buildSettings = {
				ASSETCATALOG_COMPILER_APPICON_NAME = AppIcon;
				CODE_SIGN_ENTITLEMENTS = Jay/Jay.entitlements;
				CODE_SIGN_STYLE = Automatic;
				COMBINE_HIDPI_IMAGES = YES;
				DEVELOPMENT_TEAM = C7L7KU246T;
				INFOPLIST_FILE = Jay/Info.plist;
				LD_RUNPATH_SEARCH_PATHS = (
					"$(inherited)",
					"@executable_path/../Frameworks",
				);
				PRODUCT_BUNDLE_IDENTIFIER = com.jayyupinhu.Jay;
				PRODUCT_NAME = "$(TARGET_NAME)";
				SWIFT_VERSION = 4.0;
			};
			name = Release;
		};
/* End XCBuildConfiguration section */

/* Begin XCConfigurationList section */
		D1BFA690208B050900E6D0AC /* Build configuration list for PBXProject "Jay" */ = {
			isa = XCConfigurationList;
			buildConfigurations = (
				D1BFA6A3208B050900E6D0AC /* Debug */,
				D1BFA6A4208B050A00E6D0AC /* Release */,
			);
			defaultConfigurationIsVisible = 0;
			defaultConfigurationName = Release;
		};
		D1BFA6A5208B050A00E6D0AC /* Build configuration list for PBXNativeTarget "Jay" */ = {
			isa = XCConfigurationList;
			buildConfigurations = (
				D1BFA6A6208B050A00E6D0AC /* Debug */,
				D1BFA6A7208B050A00E6D0AC /* Release */,
			);
			defaultConfigurationIsVisible = 0;
			defaultConfigurationName = Release;
		};
/* End XCConfigurationList section */
	};
	rootObject = D1BFA68D208B050900E6D0AC /* Project object */;
}
